
Microsoft Visual Studio Solution File, Format Version 12.00
# Visual Studio Version 16
VisualStudioVersion = 16.0.31515.178
MinimumVisualStudioVersion = 10.0.40219.1
Project("{888888A0-9F3D-457C-B088-3A5042F75D52}") = "recursive funtion", "recursive funtion.pyproj", "{019476DB-B857-48A7-A37C-683DE0FF3974}"
EndProject
Global
	GlobalSection(SolutionConfigurationPlatforms) = preSolution
		Debug|Any CPU = Debug|Any CPU
		Release|Any CPU = Release|Any CPU
	EndGlobalSection
	GlobalSection(ProjectConfigurationPlatforms) = postSolution
		{019476DB-B857-48A7-A37C-683DE0FF3974}.Debug|Any CPU.ActiveCfg = Debug|Any CPU
		{019476DB-B857-48A7-A37C-683DE0FF3974}.Release|Any CPU.ActiveCfg = Release|Any CPU
	EndGlobalSection
	GlobalSection(SolutionProperties) = preSolution
		HideSolutionNode = FALSE
	EndGlobalSection
	GlobalSection(ExtensibilityGlobals) = postSolution
		SolutionGuid = {990D3B54-2CF0-4432-BE7C-4297D21F84D9}
	EndGlobalSection
EndGlobal
